
Microsoft Visual Studio Solution File, Format Version 12.00
# Visual Studio Version 16
VisualStudioVersion = 16.0.31613.86
MinimumVisualStudioVersion = 10.0.40219.1
Project("{FAE04EC0-301F-11D3-BF4B-00C04F79EFBC}") = "while_loop", "while_loop\while_loop.csproj", "{C26CE786-5865-495F-A708-1399D1F08FBA}"
EndProject
Global
	GlobalSection(SolutionConfigurationPlatforms) = preSolution
		Debug|Any CPU = Debug|Any CPU
		Release|Any CPU = Release|Any CPU
	EndGlobalSection
	GlobalSection(ProjectConfigurationPlatforms) = postSolution
		{C26CE786-5865-495F-A708-1399D1F08FBA}.Debug|Any CPU.ActiveCfg = Debug|Any CPU
		{C26CE786-5865-495F-A708-1399D1F08FBA}.Debug|Any CPU.Build.0 = Debug|Any CPU
		{C26CE786-5865-495F-A708-1399D1F08FBA}.Release|Any CPU.ActiveCfg = Release|Any CPU
		{C26CE786-5865-495F-A708-1399D1F08FBA}.Release|Any CPU.Build.0 = Release|Any CPU
	EndGlobalSection
	GlobalSection(SolutionProperties) = preSolution
		HideSolutionNode = FALSE
	EndGlobalSection
	GlobalSection(ExtensibilityGlobals) = postSolution
		SolutionGuid = {0108E449-24E2-4497-BB94-01C316042A78}
	EndGlobalSection
EndGlobal
