
Microsoft Visual Studio Solution File, Format Version 12.00
# Visual Studio Version 16
VisualStudioVersion = 16.0.31613.86
MinimumVisualStudioVersion = 10.0.40219.1
Project("{FAE04EC0-301F-11D3-BF4B-00C04F79EFBC}") = "loops", "loops\loops.csproj", "{132DFC8B-EE7A-43A8-8DBE-58FA5237F83A}"
EndProject
Project("{FAE04EC0-301F-11D3-BF4B-00C04F79EFBC}") = "Factorial", "..\Factorial\Factorial.csproj", "{83832EE3-939D-4CA8-8BCA-AF27AEC13289}"
EndProject
Global
	GlobalSection(SolutionConfigurationPlatforms) = preSolution
		Debug|Any CPU = Debug|Any CPU
		Release|Any CPU = Release|Any CPU
	EndGlobalSection
	GlobalSection(ProjectConfigurationPlatforms) = postSolution
		{132DFC8B-EE7A-43A8-8DBE-58FA5237F83A}.Debug|Any CPU.ActiveCfg = Debug|Any CPU
		{132DFC8B-EE7A-43A8-8DBE-58FA5237F83A}.Debug|Any CPU.Build.0 = Debug|Any CPU
		{132DFC8B-EE7A-43A8-8DBE-58FA5237F83A}.Release|Any CPU.ActiveCfg = Release|Any CPU
		{132DFC8B-EE7A-43A8-8DBE-58FA5237F83A}.Release|Any CPU.Build.0 = Release|Any CPU
		{83832EE3-939D-4CA8-8BCA-AF27AEC13289}.Debug|Any CPU.ActiveCfg = Debug|Any CPU
		{83832EE3-939D-4CA8-8BCA-AF27AEC13289}.Debug|Any CPU.Build.0 = Debug|Any CPU
		{83832EE3-939D-4CA8-8BCA-AF27AEC13289}.Release|Any CPU.ActiveCfg = Release|Any CPU
		{83832EE3-939D-4CA8-8BCA-AF27AEC13289}.Release|Any CPU.Build.0 = Release|Any CPU
	EndGlobalSection
	GlobalSection(SolutionProperties) = preSolution
		HideSolutionNode = FALSE
	EndGlobalSection
	GlobalSection(ExtensibilityGlobals) = postSolution
		SolutionGuid = {42B5576E-74E8-4A60-BB19-581603A0F94A}
	EndGlobalSection
EndGlobal
